
Microsoft Visual Studio Solution File, Format Version 12.00
# Visual Studio Version 17
VisualStudioVersion = 17.2.32630.192
MinimumVisualStudioVersion = 10.0.40219.1
Project("{FAE04EC0-301F-11D3-BF4B-00C04F79EFBC}") = "createExcel", "createExcel\createExcel.csproj", "{29B9EC70-D0B5-4B07-9BA2-E8EBFFA3A398}"
EndProject
Global
	GlobalSection(SolutionConfigurationPlatforms) = preSolution
		Debug|Any CPU = Debug|Any CPU
		Release|Any CPU = Release|Any CPU
	EndGlobalSection
	GlobalSection(ProjectConfigurationPlatforms) = postSolution
		{29B9EC70-D0B5-4B07-9BA2-E8EBFFA3A398}.Debug|Any CPU.ActiveCfg = Debug|Any CPU
		{29B9EC70-D0B5-4B07-9BA2-E8EBFFA3A398}.Debug|Any CPU.Build.0 = Debug|Any CPU
		{29B9EC70-D0B5-4B07-9BA2-E8EBFFA3A398}.Release|Any CPU.ActiveCfg = Release|Any CPU
		{29B9EC70-D0B5-4B07-9BA2-E8EBFFA3A398}.Release|Any CPU.Build.0 = Release|Any CPU
	EndGlobalSection
	GlobalSection(SolutionProperties) = preSolution
		HideSolutionNode = FALSE
	EndGlobalSection
	GlobalSection(ExtensibilityGlobals) = postSolution
		SolutionGuid = {606BF3AA-36C2-4973-ADAD-1B856E703651}
	EndGlobalSection
EndGlobal
